// !$*UTF8*$!
{
	archiveVersion = 1;
	classes = {
	};
	objectVersion = 56;
	objects = {

/* Begin PBXBuildFile section */
		37A5C8E3100D987AA1AFCD8D /* Pods_Alamofire_NetworkLayer_Combine.framework in Frameworks */ = {isa = PBXBuildFile; fileRef = 8132ED30372423EE9B97A290 /* Pods_Alamofire_NetworkLayer_Combine.framework */; };
		6C3C203493948C0213C1759F /* Pods_Alamofire_NetworkLayer_Combine_Alamofire_NetworkLayer_CombineUITests.framework in Frameworks */ = {isa = PBXBuildFile; fileRef = 4F92B72B471B477BB39A6E63 /* Pods_Alamofire_NetworkLayer_Combine_Alamofire_NetworkLayer_CombineUITests.framework */; };
		D6E39F782B49B91900B2A6CD /* AppDelegate.swift in Sources */ = {isa = PBXBuildFile; fileRef = D6E39F772B49B91900B2A6CD /* AppDelegate.swift */; };
		D6E39F7A2B49B91900B2A6CD /* SceneDelegate.swift in Sources */ = {isa = PBXBuildFile; fileRef = D6E39F792B49B91900B2A6CD /* SceneDelegate.swift */; };
		D6E39F7C2B49B91900B2A6CD /* ViewController.swift in Sources */ = {isa = PBXBuildFile; fileRef = D6E39F7B2B49B91900B2A6CD /* ViewController.swift */; };
		D6E39F7F2B49B91900B2A6CD /* Main.storyboard in Resources */ = {isa = PBXBuildFile; fileRef = D6E39F7D2B49B91900B2A6CD /* Main.storyboard */; };
		D6E39F812B49B91B00B2A6CD /* Assets.xcassets in Resources */ = {isa = PBXBuildFile; fileRef = D6E39F802B49B91B00B2A6CD /* Assets.xcassets */; };
		D6E39F842B49B91B00B2A6CD /* LaunchScreen.storyboard in Resources */ = {isa = PBXBuildFile; fileRef = D6E39F822B49B91B00B2A6CD /* LaunchScreen.storyboard */; };
		D6E39F8F2B49B91B00B2A6CD /* Alamofire_NetworkLayer_CombineTests.swift in Sources */ = {isa = PBXBuildFile; fileRef = D6E39F8E2B49B91B00B2A6CD /* Alamofire_NetworkLayer_CombineTests.swift */; };
		D6E39F992B49B91B00B2A6CD /* Alamofire_NetworkLayer_CombineUITests.swift in Sources */ = {isa = PBXBuildFile; fileRef = D6E39F982B49B91B00B2A6CD /* Alamofire_NetworkLayer_CombineUITests.swift */; };
		D6E39F9B2B49B91B00B2A6CD /* Alamofire_NetworkLayer_CombineUITestsLaunchTests.swift in Sources */ = {isa = PBXBuildFile; fileRef = D6E39F9A2B49B91B00B2A6CD /* Alamofire_NetworkLayer_CombineUITestsLaunchTests.swift */; };
		D6E39FAA2B49B94E00B2A6CD /* BaseAPI.swift in Sources */ = {isa = PBXBuildFile; fileRef = D6E39FA92B49B94E00B2A6CD /* BaseAPI.swift */; };
		D6E39FAC2B49B96300B2A6CD /* TargetType.swift in Sources */ = {isa = PBXBuildFile; fileRef = D6E39FAB2B49B96300B2A6CD /* TargetType.swift */; };
		D6E39FAF2B49BA5000B2A6CD /* APIError.swift in Sources */ = {isa = PBXBuildFile; fileRef = D6E39FAE2B49BA5000B2A6CD /* APIError.swift */; };
		D6E39FB52B49BC5200B2A6CD /* AFError + Extension.swift in Sources */ = {isa = PBXBuildFile; fileRef = D6E39FB42B49BC5200B2A6CD /* AFError + Extension.swift */; };
		D6E39FB82B49BCC400B2A6CD /* MessageHelper.swift in Sources */ = {isa = PBXBuildFile; fileRef = D6E39FB72B49BCC400B2A6CD /* MessageHelper.swift */; };
		D6E39FBD2B49C06B00B2A6CD /* Categories.swift in Sources */ = {isa = PBXBuildFile; fileRef = D6E39FBC2B49C06B00B2A6CD /* Categories.swift */; };
		D6E39FBF2B49C0A700B2A6CD /* Dishes.swift in Sources */ = {isa = PBXBuildFile; fileRef = D6E39FBE2B49C0A600B2A6CD /* Dishes.swift */; };
		D6E39FC12B49C13E00B2A6CD /* CategoriesNetworking.swift in Sources */ = {isa = PBXBuildFile; fileRef = D6E39FC02B49C13E00B2A6CD /* CategoriesNetworking.swift */; };
		D6E39FC32B49C34700B2A6CD /* HomeViewModel.swift in Sources */ = {isa = PBXBuildFile; fileRef = D6E39FC22B49C34700B2A6CD /* HomeViewModel.swift */; };
		D6E39FC52B49C5D400B2A6CD /* BaseResponse.swift in Sources */ = {isa = PBXBuildFile; fileRef = D6E39FC42B49C5D400B2A6CD /* BaseResponse.swift */; };
		F65427453E3C934960324F0C /* Pods_Alamofire_NetworkLayer_CombineTests.framework in Frameworks */ = {isa = PBXBuildFile; fileRef = 6820CF669A4C4CDC0DC13CA5 /* Pods_Alamofire_NetworkLayer_CombineTests.framework */; };
/* End PBXBuildFile section */

/* Begin PBXContainerItemProxy section */
		D6E39F8B2B49B91B00B2A6CD /* PBXContainerItemProxy */ = {
			isa = PBXContainerItemProxy;
			containerPortal = D6E39F6C2B49B91900B2A6CD /* Project object */;
			proxyType = 1;
			remoteGlobalIDString = D6E39F732B49B91900B2A6CD;
			remoteInfo = "Alamofire-NetworkLayer-Combine";
		};
		D6E39F952B49B91B00B2A6CD /* PBXContainerItemProxy */ = {
			isa = PBXContainerItemProxy;
			containerPortal = D6E39F6C2B49B91900B2A6CD /* Project object */;
			proxyType = 1;
			remoteGlobalIDString = D6E39F732B49B91900B2A6CD;
			remoteInfo = "Alamofire-NetworkLayer-Combine";
		};
/* End PBXContainerItemProxy section */

/* Begin PBXFileReference section */
		1E85A5615EDC252D4EFEA87F /* Pods-Alamofire-NetworkLayer-CombineTests.release.xcconfig */ = {isa = PBXFileReference; includeInIndex = 1; lastKnownFileType = text.xcconfig; name = "Pods-Alamofire-NetworkLayer-CombineTests.release.xcconfig"; path = "Target Support Files/Pods-Alamofire-NetworkLayer-CombineTests/Pods-Alamofire-NetworkLayer-CombineTests.release.xcconfig"; sourceTree = "<group>"; };
		242FA2EDC43A1C67F869E644 /* Pods-Alamofire-NetworkLayer-Combine.release.xcconfig */ = {isa = PBXFileReference; includeInIndex = 1; lastKnownFileType = text.xcconfig; name = "Pods-Alamofire-NetworkLayer-Combine.release.xcconfig"; path = "Target Support Files/Pods-Alamofire-NetworkLayer-Combine/Pods-Alamofire-NetworkLayer-Combine.release.xcconfig"; sourceTree = "<group>"; };
		4F92B72B471B477BB39A6E63 /* Pods_Alamofire_NetworkLayer_Combine_Alamofire_NetworkLayer_CombineUITests.framework */ = {isa = PBXFileReference; explicitFileType = wrapper.framework; includeInIndex = 0; path = Pods_Alamofire_NetworkLayer_Combine_Alamofire_NetworkLayer_CombineUITests.framework; sourceTree = BUILT_PRODUCTS_DIR; };
		6820CF669A4C4CDC0DC13CA5 /* Pods_Alamofire_NetworkLayer_CombineTests.framework */ = {isa = PBXFileReference; explicitFileType = wrapper.framework; includeInIndex = 0; path = Pods_Alamofire_NetworkLayer_CombineTests.framework; sourceTree = BUILT_PRODUCTS_DIR; };
		70E96ACBB3C7AA36CCA25BFB /* Pods-Alamofire-NetworkLayer-CombineTests.debug.xcconfig */ = {isa = PBXFileReference; includeInIndex = 1; lastKnownFileType = text.xcconfig; name = "Pods-Alamofire-NetworkLayer-CombineTests.debug.xcconfig"; path = "Target Support Files/Pods-Alamofire-NetworkLayer-CombineTests/Pods-Alamofire-NetworkLayer-CombineTests.debug.xcconfig"; sourceTree = "<group>"; };
		8132ED30372423EE9B97A290 /* Pods_Alamofire_NetworkLayer_Combine.framework */ = {isa = PBXFileReference; explicitFileType = wrapper.framework; includeInIndex = 0; path = Pods_Alamofire_NetworkLayer_Combine.framework; sourceTree = BUILT_PRODUCTS_DIR; };
		A79A99E19820DE940DE029ED /* Pods-Alamofire-NetworkLayer-Combine.debug.xcconfig */ = {isa = PBXFileReference; includeInIndex = 1; lastKnownFileType = text.xcconfig; name = "Pods-Alamofire-NetworkLayer-Combine.debug.xcconfig"; path = "Target Support Files/Pods-Alamofire-NetworkLayer-Combine/Pods-Alamofire-NetworkLayer-Combine.debug.xcconfig"; sourceTree = "<group>"; };
		CA5291833F30DEE4B4DF7BCF /* Pods-Alamofire-NetworkLayer-Combine-Alamofire-NetworkLayer-CombineUITests.debug.xcconfig */ = {isa = PBXFileReference; includeInIndex = 1; lastKnownFileType = text.xcconfig; name = "Pods-Alamofire-NetworkLayer-Combine-Alamofire-NetworkLayer-CombineUITests.debug.xcconfig"; path = "Target Support Files/Pods-Alamofire-NetworkLayer-Combine-Alamofire-NetworkLayer-CombineUITests/Pods-Alamofire-NetworkLayer-Combine-Alamofire-NetworkLayer-CombineUITests.debug.xcconfig"; sourceTree = "<group>"; };
		D534AA969E837148329DD5D9 /* Pods-Alamofire-NetworkLayer-Combine-Alamofire-NetworkLayer-CombineUITests.release.xcconfig */ = {isa = PBXFileReference; includeInIndex = 1; lastKnownFileType = text.xcconfig; name = "Pods-Alamofire-NetworkLayer-Combine-Alamofire-NetworkLayer-CombineUITests.release.xcconfig"; path = "Target Support Files/Pods-Alamofire-NetworkLayer-Combine-Alamofire-NetworkLayer-CombineUITests/Pods-Alamofire-NetworkLayer-Combine-Alamofire-NetworkLayer-CombineUITests.release.xcconfig"; sourceTree = "<group>"; };
		D6E39F742B49B91900B2A6CD /* Alamofire-NetworkLayer-Combine.app */ = {isa = PBXFileReference; explicitFileType = wrapper.application; includeInIndex = 0; path = "Alamofire-NetworkLayer-Combine.app"; sourceTree = BUILT_PRODUCTS_DIR; };
		D6E39F772B49B91900B2A6CD /* AppDelegate.swift */ = {isa = PBXFileReference; lastKnownFileType = sourcecode.swift; path = AppDelegate.swift; sourceTree = "<group>"; };
		D6E39F792B49B91900B2A6CD /* SceneDelegate.swift */ = {isa = PBXFileReference; lastKnownFileType = sourcecode.swift; path = SceneDelegate.swift; sourceTree = "<group>"; };
		D6E39F7B2B49B91900B2A6CD /* ViewController.swift */ = {isa = PBXFileReference; lastKnownFileType = sourcecode.swift; path = ViewController.swift; sourceTree = "<group>"; };
		D6E39F7E2B49B91900B2A6CD /* Base */ = {isa = PBXFileReference; lastKnownFileType = file.storyboard; name = Base; path = Base.lproj/Main.storyboard; sourceTree = "<group>"; };
		D6E39F802B49B91B00B2A6CD /* Assets.xcassets */ = {isa = PBXFileReference; lastKnownFileType = folder.assetcatalog; path = Assets.xcassets; sourceTree = "<group>"; };
		D6E39F832B49B91B00B2A6CD /* Base */ = {isa = PBXFileReference; lastKnownFileType = file.storyboard; name = Base; path = Base.lproj/LaunchScreen.storyboard; sourceTree = "<group>"; };
		D6E39F852B49B91B00B2A6CD /* Info.plist */ = {isa = PBXFileReference; lastKnownFileType = text.plist.xml; path = Info.plist; sourceTree = "<group>"; };
		D6E39F8A2B49B91B00B2A6CD /* Alamofire-NetworkLayer-CombineTests.xctest */ = {isa = PBXFileReference; explicitFileType = wrapper.cfbundle; includeInIndex = 0; path = "Alamofire-NetworkLayer-CombineTests.xctest"; sourceTree = BUILT_PRODUCTS_DIR; };
		D6E39F8E2B49B91B00B2A6CD /* Alamofire_NetworkLayer_CombineTests.swift */ = {isa = PBXFileReference; lastKnownFileType = sourcecode.swift; path = Alamofire_NetworkLayer_CombineTests.swift; sourceTree = "<group>"; };
		D6E39F942B49B91B00B2A6CD /* Alamofire-NetworkLayer-CombineUITests.xctest */ = {isa = PBXFileReference; explicitFileType = wrapper.cfbundle; includeInIndex = 0; path = "Alamofire-NetworkLayer-CombineUITests.xctest"; sourceTree = BUILT_PRODUCTS_DIR; };
		D6E39F982B49B91B00B2A6CD /* Alamofire_NetworkLayer_CombineUITests.swift */ = {isa = PBXFileReference; lastKnownFileType = sourcecode.swift; path = Alamofire_NetworkLayer_CombineUITests.swift; sourceTree = "<group>"; };
		D6E39F9A2B49B91B00B2A6CD /* Alamofire_NetworkLayer_CombineUITestsLaunchTests.swift */ = {isa = PBXFileReference; lastKnownFileType = sourcecode.swift; path = Alamofire_NetworkLayer_CombineUITestsLaunchTests.swift; sourceTree = "<group>"; };
		D6E39FA92B49B94E00B2A6CD /* BaseAPI.swift */ = {isa = PBXFileReference; lastKnownFileType = sourcecode.swift; path = BaseAPI.swift; sourceTree = "<group>"; };
		D6E39FAB2B49B96300B2A6CD /* TargetType.swift */ = {isa = PBXFileReference; lastKnownFileType = sourcecode.swift; path = TargetType.swift; sourceTree = "<group>"; };
		D6E39FAE2B49BA5000B2A6CD /* APIError.swift */ = {isa = PBXFileReference; lastKnownFileType = sourcecode.swift; path = APIError.swift; sourceTree = "<group>"; };
		D6E39FB42B49BC5200B2A6CD /* AFError + Extension.swift */ = {isa = PBXFileReference; lastKnownFileType = sourcecode.swift; path = "AFError + Extension.swift"; sourceTree = "<group>"; };
		D6E39FB72B49BCC400B2A6CD /* MessageHelper.swift */ = {isa = PBXFileReference; lastKnownFileType = sourcecode.swift; path = MessageHelper.swift; sourceTree = "<group>"; };
		D6E39FBC2B49C06B00B2A6CD /* Categories.swift */ = {isa = PBXFileReference; lastKnownFileType = sourcecode.swift; path = Categories.swift; sourceTree = "<group>"; };
		D6E39FBE2B49C0A600B2A6CD /* Dishes.swift */ = {isa = PBXFileReference; fileEncoding = 4; lastKnownFileType = sourcecode.swift; path = Dishes.swift; sourceTree = "<group>"; };
		D6E39FC02B49C13E00B2A6CD /* CategoriesNetworking.swift */ = {isa = PBXFileReference; fileEncoding = 4; lastKnownFileType = sourcecode.swift; path = CategoriesNetworking.swift; sourceTree = "<group>"; };
		D6E39FC22B49C34700B2A6CD /* HomeViewModel.swift */ = {isa = PBXFileReference; lastKnownFileType = sourcecode.swift; path = HomeViewModel.swift; sourceTree = "<group>"; };
		D6E39FC42B49C5D400B2A6CD /* BaseResponse.swift */ = {isa = PBXFileReference; fileEncoding = 4; lastKnownFileType = sourcecode.swift; path = BaseResponse.swift; sourceTree = "<group>"; };
/* End PBXFileReference section */

/* Begin PBXFrameworksBuildPhase section */
		D6E39F712B49B91900B2A6CD /* Frameworks */ = {
			isa = PBXFrameworksBuildPhase;
			buildActionMask = 2147483647;
			files = (
				37A5C8E3100D987AA1AFCD8D /* Pods_Alamofire_NetworkLayer_Combine.framework in Frameworks */,
			);
			runOnlyForDeploymentPostprocessing = 0;
		};
		D6E39F872B49B91B00B2A6CD /* Frameworks */ = {
			isa = PBXFrameworksBuildPhase;
			buildActionMask = 2147483647;
			files = (
				F65427453E3C934960324F0C /* Pods_Alamofire_NetworkLayer_CombineTests.framework in Frameworks */,
			);
			runOnlyForDeploymentPostprocessing = 0;
		};
		D6E39F912B49B91B00B2A6CD /* Frameworks */ = {
			isa = PBXFrameworksBuildPhase;
			buildActionMask = 2147483647;
			files = (
				6C3C203493948C0213C1759F /* Pods_Alamofire_NetworkLayer_Combine_Alamofire_NetworkLayer_CombineUITests.framework in Frameworks */,
			);
			runOnlyForDeploymentPostprocessing = 0;
		};
/* End PBXFrameworksBuildPhase section */

/* Begin PBXGroup section */
		16DBD33A1E19A82D9F0CF0C7 /* Pods */ = {
			isa = PBXGroup;
			children = (
				A79A99E19820DE940DE029ED /* Pods-Alamofire-NetworkLayer-Combine.debug.xcconfig */,
				242FA2EDC43A1C67F869E644 /* Pods-Alamofire-NetworkLayer-Combine.release.xcconfig */,
				CA5291833F30DEE4B4DF7BCF /* Pods-Alamofire-NetworkLayer-Combine-Alamofire-NetworkLayer-CombineUITests.debug.xcconfig */,
				D534AA969E837148329DD5D9 /* Pods-Alamofire-NetworkLayer-Combine-Alamofire-NetworkLayer-CombineUITests.release.xcconfig */,
				70E96ACBB3C7AA36CCA25BFB /* Pods-Alamofire-NetworkLayer-CombineTests.debug.xcconfig */,
				1E85A5615EDC252D4EFEA87F /* Pods-Alamofire-NetworkLayer-CombineTests.release.xcconfig */,
			);
			path = Pods;
			sourceTree = "<group>";
		};
		1F97D2013544412ACFB604D7 /* Frameworks */ = {
			isa = PBXGroup;
			children = (
				8132ED30372423EE9B97A290 /* Pods_Alamofire_NetworkLayer_Combine.framework */,
				4F92B72B471B477BB39A6E63 /* Pods_Alamofire_NetworkLayer_Combine_Alamofire_NetworkLayer_CombineUITests.framework */,
				6820CF669A4C4CDC0DC13CA5 /* Pods_Alamofire_NetworkLayer_CombineTests.framework */,
			);
			name = Frameworks;
			sourceTree = "<group>";
		};
		D6E39F6B2B49B91900B2A6CD = {
			isa = PBXGroup;
			children = (
				D6E39F762B49B91900B2A6CD /* Alamofire-NetworkLayer-Combine */,
				D6E39F8D2B49B91B00B2A6CD /* Alamofire-NetworkLayer-CombineTests */,
				D6E39F972B49B91B00B2A6CD /* Alamofire-NetworkLayer-CombineUITests */,
				D6E39F752B49B91900B2A6CD /* Products */,
				16DBD33A1E19A82D9F0CF0C7 /* Pods */,
				1F97D2013544412ACFB604D7 /* Frameworks */,
			);
			sourceTree = "<group>";
		};
		D6E39F752B49B91900B2A6CD /* Products */ = {
			isa = PBXGroup;
			children = (
				D6E39F742B49B91900B2A6CD /* Alamofire-NetworkLayer-Combine.app */,
				D6E39F8A2B49B91B00B2A6CD /* Alamofire-NetworkLayer-CombineTests.xctest */,
				D6E39F942B49B91B00B2A6CD /* Alamofire-NetworkLayer-CombineUITests.xctest */,
			);
			name = Products;
			sourceTree = "<group>";
		};
		D6E39F762B49B91900B2A6CD /* Alamofire-NetworkLayer-Combine */ = {
			isa = PBXGroup;
			children = (
				D6E39FC72B49C7DA00B2A6CD /* Model */,
				D6E39FC62B49C73500B2A6CD /* ViewModel */,
				D6E39FB62B49BCB400B2A6CD /* Classes */,
				D6E39FA72B49B92400B2A6CD /* Networking */,
				D6E39FBB2B49C05200B2A6CD /* UseCases */,
				D6E39F772B49B91900B2A6CD /* AppDelegate.swift */,
				D6E39F792B49B91900B2A6CD /* SceneDelegate.swift */,
				D6E39F7B2B49B91900B2A6CD /* ViewController.swift */,
				D6E39F7D2B49B91900B2A6CD /* Main.storyboard */,
				D6E39F802B49B91B00B2A6CD /* Assets.xcassets */,
				D6E39F822B49B91B00B2A6CD /* LaunchScreen.storyboard */,
				D6E39F852B49B91B00B2A6CD /* Info.plist */,
			);
			path = "Alamofire-NetworkLayer-Combine";
			sourceTree = "<group>";
		};
		D6E39F8D2B49B91B00B2A6CD /* Alamofire-NetworkLayer-CombineTests */ = {
			isa = PBXGroup;
			children = (
				D6E39F8E2B49B91B00B2A6CD /* Alamofire_NetworkLayer_CombineTests.swift */,
			);
			path = "Alamofire-NetworkLayer-CombineTests";
			sourceTree = "<group>";
		};
		D6E39F972B49B91B00B2A6CD /* Alamofire-NetworkLayer-CombineUITests */ = {
			isa = PBXGroup;
			children = (
				D6E39F982B49B91B00B2A6CD /* Alamofire_NetworkLayer_CombineUITests.swift */,
				D6E39F9A2B49B91B00B2A6CD /* Alamofire_NetworkLayer_CombineUITestsLaunchTests.swift */,
			);
			path = "Alamofire-NetworkLayer-CombineUITests";
			sourceTree = "<group>";
		};
		D6E39FA72B49B92400B2A6CD /* Networking */ = {
			isa = PBXGroup;
			children = (
				D6E39FA82B49B92D00B2A6CD /* Service */,
				D6E39FAD2B49BA4100B2A6CD /* APIError */,
				D6E39FB32B49BC4900B2A6CD /* AFError + Extension */,
			);
			path = Networking;
			sourceTree = "<group>";
		};
		D6E39FA82B49B92D00B2A6CD /* Service */ = {
			isa = PBXGroup;
			children = (
				D6E39FA92B49B94E00B2A6CD /* BaseAPI.swift */,
				D6E39FAB2B49B96300B2A6CD /* TargetType.swift */,
				D6E39FC42B49C5D400B2A6CD /* BaseResponse.swift */,
			);
			path = Service;
			sourceTree = "<group>";
		};
		D6E39FAD2B49BA4100B2A6CD /* APIError */ = {
			isa = PBXGroup;
			children = (
				D6E39FAE2B49BA5000B2A6CD /* APIError.swift */,
			);
			path = APIError;
			sourceTree = "<group>";
		};
		D6E39FB32B49BC4900B2A6CD /* AFError + Extension */ = {
			isa = PBXGroup;
			children = (
				D6E39FB42B49BC5200B2A6CD /* AFError + Extension.swift */,
			);
			path = "AFError + Extension";
			sourceTree = "<group>";
		};
		D6E39FB62B49BCB400B2A6CD /* Classes */ = {
			isa = PBXGroup;
			children = (
				D6E39FB72B49BCC400B2A6CD /* MessageHelper.swift */,
			);
			path = Classes;
			sourceTree = "<group>";
		};
		D6E39FBB2B49C05200B2A6CD /* UseCases */ = {
			isa = PBXGroup;
			children = (
				D6E39FC02B49C13E00B2A6CD /* CategoriesNetworking.swift */,
				D6E39FBC2B49C06B00B2A6CD /* Categories.swift */,
			);
			path = UseCases;
			sourceTree = "<group>";
		};
		D6E39FC62B49C73500B2A6CD /* ViewModel */ = {
			isa = PBXGroup;
			children = (
				D6E39FC22B49C34700B2A6CD /* HomeViewModel.swift */,
			);
			path = ViewModel;
			sourceTree = "<group>";
		};
		D6E39FC72B49C7DA00B2A6CD /* Model */ = {
			isa = PBXGroup;
			children = (
				D6E39FBE2B49C0A600B2A6CD /* Dishes.swift */,
			);
			path = Model;
			sourceTree = "<group>";
		};
/* End PBXGroup section */

/* Begin PBXNativeTarget section */
		D6E39F732B49B91900B2A6CD /* Alamofire-NetworkLayer-Combine */ = {
			isa = PBXNativeTarget;
			buildConfigurationList = D6E39F9E2B49B91B00B2A6CD /* Build configuration list for PBXNativeTarget "Alamofire-NetworkLayer-Combine" */;
			buildPhases = (
				BAAC7F5A71F750F42119D50E /* [CP] Check Pods Manifest.lock */,
				D6E39F702B49B91900B2A6CD /* Sources */,
				D6E39F712B49B91900B2A6CD /* Frameworks */,
				D6E39F722B49B91900B2A6CD /* Resources */,
				0329BB0D49311E9C4A7B2F2B /* [CP] Embed Pods Frameworks */,
			);
			buildRules = (
			);
			dependencies = (
			);
			name = "Alamofire-NetworkLayer-Combine";
			productName = "Alamofire-NetworkLayer-Combine";
			productReference = D6E39F742B49B91900B2A6CD /* Alamofire-NetworkLayer-Combine.app */;
			productType = "com.apple.product-type.application";
		};
		D6E39F892B49B91B00B2A6CD /* Alamofire-NetworkLayer-CombineTests */ = {
			isa = PBXNativeTarget;
			buildConfigurationList = D6E39FA12B49B91B00B2A6CD /* Build configuration list for PBXNativeTarget "Alamofire-NetworkLayer-CombineTests" */;
			buildPhases = (
				ED274AEDAAFDA3D0F7ED2A38 /* [CP] Check Pods Manifest.lock */,
				D6E39F862B49B91B00B2A6CD /* Sources */,
				D6E39F872B49B91B00B2A6CD /* Frameworks */,
				D6E39F882B49B91B00B2A6CD /* Resources */,
			);
			buildRules = (
			);
			dependencies = (
				D6E39F8C2B49B91B00B2A6CD /* PBXTargetDependency */,
			);
			name = "Alamofire-NetworkLayer-CombineTests";
			productName = "Alamofire-NetworkLayer-CombineTests";
			productReference = D6E39F8A2B49B91B00B2A6CD /* Alamofire-NetworkLayer-CombineTests.xctest */;
			productType = "com.apple.product-type.bundle.unit-test";
		};
		D6E39F932B49B91B00B2A6CD /* Alamofire-NetworkLayer-CombineUITests */ = {
			isa = PBXNativeTarget;
			buildConfigurationList = D6E39FA42B49B91B00B2A6CD /* Build configuration list for PBXNativeTarget "Alamofire-NetworkLayer-CombineUITests" */;
			buildPhases = (
				DA12615084CAE967E58FA69E /* [CP] Check Pods Manifest.lock */,
				D6E39F902B49B91B00B2A6CD /* Sources */,
				D6E39F912B49B91B00B2A6CD /* Frameworks */,
				D6E39F922B49B91B00B2A6CD /* Resources */,
				33F600C0DA97A5010F0A3809 /* [CP] Embed Pods Frameworks */,
			);
			buildRules = (
			);
			dependencies = (
				D6E39F962B49B91B00B2A6CD /* PBXTargetDependency */,
			);
			name = "Alamofire-NetworkLayer-CombineUITests";
			productName = "Alamofire-NetworkLayer-CombineUITests";
			productReference = D6E39F942B49B91B00B2A6CD /* Alamofire-NetworkLayer-CombineUITests.xctest */;
			productType = "com.apple.product-type.bundle.ui-testing";
		};
/* End PBXNativeTarget section */

/* Begin PBXProject section */
		D6E39F6C2B49B91900B2A6CD /* Project object */ = {
			isa = PBXProject;
			attributes = {
				BuildIndependentTargetsInParallel = 1;
				LastSwiftUpdateCheck = 1500;
				LastUpgradeCheck = 1500;
				TargetAttributes = {
					D6E39F732B49B91900B2A6CD = {
						CreatedOnToolsVersion = 15.0.1;
					};
					D6E39F892B49B91B00B2A6CD = {
						CreatedOnToolsVersion = 15.0.1;
						TestTargetID = D6E39F732B49B91900B2A6CD;
					};
					D6E39F932B49B91B00B2A6CD = {
						CreatedOnToolsVersion = 15.0.1;
						TestTargetID = D6E39F732B49B91900B2A6CD;
					};
				};
			};
			buildConfigurationList = D6E39F6F2B49B91900B2A6CD /* Build configuration list for PBXProject "Alamofire-NetworkLayer-Combine" */;
			compatibilityVersion = "Xcode 14.0";
			developmentRegion = en;
			hasScannedForEncodings = 0;
			knownRegions = (
				en,
				Base,
			);
			mainGroup = D6E39F6B2B49B91900B2A6CD;
			productRefGroup = D6E39F752B49B91900B2A6CD /* Products */;
			projectDirPath = "";
			projectRoot = "";
			targets = (
				D6E39F732B49B91900B2A6CD /* Alamofire-NetworkLayer-Combine */,
				D6E39F892B49B91B00B2A6CD /* Alamofire-NetworkLayer-CombineTests */,
				D6E39F932B49B91B00B2A6CD /* Alamofire-NetworkLayer-CombineUITests */,
			);
		};
/* End PBXProject section */

/* Begin PBXResourcesBuildPhase section */
		D6E39F722B49B91900B2A6CD /* Resources */ = {
			isa = PBXResourcesBuildPhase;
			buildActionMask = 2147483647;
			files = (
				D6E39F842B49B91B00B2A6CD /* LaunchScreen.storyboard in Resources */,
				D6E39F812B49B91B00B2A6CD /* Assets.xcassets in Resources */,
				D6E39F7F2B49B91900B2A6CD /* Main.storyboard in Resources */,
			);
			runOnlyForDeploymentPostprocessing = 0;
		};
		D6E39F882B49B91B00B2A6CD /* Resources */ = {
			isa = PBXResourcesBuildPhase;
			buildActionMask = 2147483647;
			files = (
			);
			runOnlyForDeploymentPostprocessing = 0;
		};
		D6E39F922B49B91B00B2A6CD /* Resources */ = {
			isa = PBXResourcesBuildPhase;
			buildActionMask = 2147483647;
			files = (
			);
			runOnlyForDeploymentPostprocessing = 0;
		};
/* End PBXResourcesBuildPhase section */

/* Begin PBXShellScriptBuildPhase section */
		0329BB0D49311E9C4A7B2F2B /* [CP] Embed Pods Frameworks */ = {
			isa = PBXShellScriptBuildPhase;
			buildActionMask = 2147483647;
			files = (
			);
			inputFileListPaths = (
				"${PODS_ROOT}/Target Support Files/Pods-Alamofire-NetworkLayer-Combine/Pods-Alamofire-NetworkLayer-Combine-frameworks-${CONFIGURATION}-input-files.xcfilelist",
			);
			name = "[CP] Embed Pods Frameworks";
			outputFileListPaths = (
				"${PODS_ROOT}/Target Support Files/Pods-Alamofire-NetworkLayer-Combine/Pods-Alamofire-NetworkLayer-Combine-frameworks-${CONFIGURATION}-output-files.xcfilelist",
			);
			runOnlyForDeploymentPostprocessing = 0;
			shellPath = /bin/sh;
			shellScript = "\"${PODS_ROOT}/Target Support Files/Pods-Alamofire-NetworkLayer-Combine/Pods-Alamofire-NetworkLayer-Combine-frameworks.sh\"\n";
			showEnvVarsInLog = 0;
		};
		33F600C0DA97A5010F0A3809 /* [CP] Embed Pods Frameworks */ = {
			isa = PBXShellScriptBuildPhase;
			buildActionMask = 2147483647;
			files = (
			);
			inputFileListPaths = (
				"${PODS_ROOT}/Target Support Files/Pods-Alamofire-NetworkLayer-Combine-Alamofire-NetworkLayer-CombineUITests/Pods-Alamofire-NetworkLayer-Combine-Alamofire-NetworkLayer-CombineUITests-frameworks-${CONFIGURATION}-input-files.xcfilelist",
			);
			name = "[CP] Embed Pods Frameworks";
			outputFileListPaths = (
				"${PODS_ROOT}/Target Support Files/Pods-Alamofire-NetworkLayer-Combine-Alamofire-NetworkLayer-CombineUITests/Pods-Alamofire-NetworkLayer-Combine-Alamofire-NetworkLayer-CombineUITests-frameworks-${CONFIGURATION}-output-files.xcfilelist",
			);
			runOnlyForDeploymentPostprocessing = 0;
			shellPath = /bin/sh;
			shellScript = "\"${PODS_ROOT}/Target Support Files/Pods-Alamofire-NetworkLayer-Combine-Alamofire-NetworkLayer-CombineUITests/Pods-Alamofire-NetworkLayer-Combine-Alamofire-NetworkLayer-CombineUITests-frameworks.sh\"\n";
			showEnvVarsInLog = 0;
		};
		BAAC7F5A71F750F42119D50E /* [CP] Check Pods Manifest.lock */ = {
			isa = PBXShellScriptBuildPhase;
			buildActionMask = 2147483647;
			files = (
			);
			inputFileListPaths = (
			);
			inputPaths = (
				"${PODS_PODFILE_DIR_PATH}/Podfile.lock",
				"${PODS_ROOT}/Manifest.lock",
			);
			name = "[CP] Check Pods Manifest.lock";
			outputFileListPaths = (
			);
			outputPaths = (
				"$(DERIVED_FILE_DIR)/Pods-Alamofire-NetworkLayer-Combine-checkManifestLockResult.txt",
			);
			runOnlyForDeploymentPostprocessing = 0;
			shellPath = /bin/sh;
			shellScript = "diff \"${PODS_PODFILE_DIR_PATH}/Podfile.lock\" \"${PODS_ROOT}/Manifest.lock\" > /dev/null\nif [ $? != 0 ] ; then\n    # print error to STDERR\n    echo \"error: The sandbox is not in sync with the Podfile.lock. Run 'pod install' or update your CocoaPods installation.\" >&2\n    exit 1\nfi\n# This output is used by Xcode 'outputs' to avoid re-running this script phase.\necho \"SUCCESS\" > \"${SCRIPT_OUTPUT_FILE_0}\"\n";
			showEnvVarsInLog = 0;
		};
		DA12615084CAE967E58FA69E /* [CP] Check Pods Manifest.lock */ = {
			isa = PBXShellScriptBuildPhase;
			buildActionMask = 2147483647;
			files = (
			);
			inputFileListPaths = (
			);
			inputPaths = (
				"${PODS_PODFILE_DIR_PATH}/Podfile.lock",
				"${PODS_ROOT}/Manifest.lock",
			);
			name = "[CP] Check Pods Manifest.lock";
			outputFileListPaths = (
			);
			outputPaths = (
				"$(DERIVED_FILE_DIR)/Pods-Alamofire-NetworkLayer-Combine-Alamofire-NetworkLayer-CombineUITests-checkManifestLockResult.txt",
			);
			runOnlyForDeploymentPostprocessing = 0;
			shellPath = /bin/sh;
			shellScript = "diff \"${PODS_PODFILE_DIR_PATH}/Podfile.lock\" \"${PODS_ROOT}/Manifest.lock\" > /dev/null\nif [ $? != 0 ] ; then\n    # print error to STDERR\n    echo \"error: The sandbox is not in sync with the Podfile.lock. Run 'pod install' or update your CocoaPods installation.\" >&2\n    exit 1\nfi\n# This output is used by Xcode 'outputs' to avoid re-running this script phase.\necho \"SUCCESS\" > \"${SCRIPT_OUTPUT_FILE_0}\"\n";
			showEnvVarsInLog = 0;
		};
		ED274AEDAAFDA3D0F7ED2A38 /* [CP] Check Pods Manifest.lock */ = {
			isa = PBXShellScriptBuildPhase;
			buildActionMask = 2147483647;
			files = (
			);
			inputFileListPaths = (
			);
			inputPaths = (
				"${PODS_PODFILE_DIR_PATH}/Podfile.lock",
				"${PODS_ROOT}/Manifest.lock",
			);
			name = "[CP] Check Pods Manifest.lock";
			outputFileListPaths = (
			);
			outputPaths = (
				"$(DERIVED_FILE_DIR)/Pods-Alamofire-NetworkLayer-CombineTests-checkManifestLockResult.txt",
			);
			runOnlyForDeploymentPostprocessing = 0;
			shellPath = /bin/sh;
			shellScript = "diff \"${PODS_PODFILE_DIR_PATH}/Podfile.lock\" \"${PODS_ROOT}/Manifest.lock\" > /dev/null\nif [ $? != 0 ] ; then\n    # print error to STDERR\n    echo \"error: The sandbox is not in sync with the Podfile.lock. Run 'pod install' or update your CocoaPods installation.\" >&2\n    exit 1\nfi\n# This output is used by Xcode 'outputs' to avoid re-running this script phase.\necho \"SUCCESS\" > \"${SCRIPT_OUTPUT_FILE_0}\"\n";
			showEnvVarsInLog = 0;
		};
/* End PBXShellScriptBuildPhase section */

/* Begin PBXSourcesBuildPhase section */
		D6E39F702B49B91900B2A6CD /* Sources */ = {
			isa = PBXSourcesBuildPhase;
			buildActionMask = 2147483647;
			files = (
				D6E39FAC2B49B96300B2A6CD /* TargetType.swift in Sources */,
				D6E39F7C2B49B91900B2A6CD /* ViewController.swift in Sources */,
				D6E39FAA2B49B94E00B2A6CD /* BaseAPI.swift in Sources */,
				D6E39FB82B49BCC400B2A6CD /* MessageHelper.swift in Sources */,
				D6E39FC12B49C13E00B2A6CD /* CategoriesNetworking.swift in Sources */,
				D6E39F782B49B91900B2A6CD /* AppDelegate.swift in Sources */,
				D6E39FBF2B49C0A700B2A6CD /* Dishes.swift in Sources */,
				D6E39FC32B49C34700B2A6CD /* HomeViewModel.swift in Sources */,
				D6E39FBD2B49C06B00B2A6CD /* Categories.swift in Sources */,
				D6E39FB52B49BC5200B2A6CD /* AFError + Extension.swift in Sources */,
				D6E39F7A2B49B91900B2A6CD /* SceneDelegate.swift in Sources */,
				D6E39FAF2B49BA5000B2A6CD /* APIError.swift in Sources */,
				D6E39FC52B49C5D400B2A6CD /* BaseResponse.swift in Sources */,
			);
			runOnlyForDeploymentPostprocessing = 0;
		};
		D6E39F862B49B91B00B2A6CD /* Sources */ = {
			isa = PBXSourcesBuildPhase;
			buildActionMask = 2147483647;
			files = (
				D6E39F8F2B49B91B00B2A6CD /* Alamofire_NetworkLayer_CombineTests.swift in Sources */,
			);
			runOnlyForDeploymentPostprocessing = 0;
		};
		D6E39F902B49B91B00B2A6CD /* Sources */ = {
			isa = PBXSourcesBuildPhase;
			buildActionMask = 2147483647;
			files = (
				D6E39F9B2B49B91B00B2A6CD /* Alamofire_NetworkLayer_CombineUITestsLaunchTests.swift in Sources */,
				D6E39F992B49B91B00B2A6CD /* Alamofire_NetworkLayer_CombineUITests.swift in Sources */,
			);
			runOnlyForDeploymentPostprocessing = 0;
		};
/* End PBXSourcesBuildPhase section */

/* Begin PBXTargetDependency section */
		D6E39F8C2B49B91B00B2A6CD /* PBXTargetDependency */ = {
			isa = PBXTargetDependency;
			target = D6E39F732B49B91900B2A6CD /* Alamofire-NetworkLayer-Combine */;
			targetProxy = D6E39F8B2B49B91B00B2A6CD /* PBXContainerItemProxy */;
		};
		D6E39F962B49B91B00B2A6CD /* PBXTargetDependency */ = {
			isa = PBXTargetDependency;
			target = D6E39F732B49B91900B2A6CD /* Alamofire-NetworkLayer-Combine */;
			targetProxy = D6E39F952B49B91B00B2A6CD /* PBXContainerItemProxy */;
		};
/* End PBXTargetDependency section */

/* Begin PBXVariantGroup section */
		D6E39F7D2B49B91900B2A6CD /* Main.storyboard */ = {
			isa = PBXVariantGroup;
			children = (
				D6E39F7E2B49B91900B2A6CD /* Base */,
			);
			name = Main.storyboard;
			sourceTree = "<group>";
		};
		D6E39F822B49B91B00B2A6CD /* LaunchScreen.storyboard */ = {
			isa = PBXVariantGroup;
			children = (
				D6E39F832B49B91B00B2A6CD /* Base */,
			);
			name = LaunchScreen.storyboard;
			sourceTree = "<group>";
		};
/* End PBXVariantGroup section */

/* Begin XCBuildConfiguration section */
		D6E39F9C2B49B91B00B2A6CD /* Debug */ = {
			isa = XCBuildConfiguration;
			buildSettings = {
				ALWAYS_SEARCH_USER_PATHS = NO;
				ASSETCATALOG_COMPILER_GENERATE_SWIFT_ASSET_SYMBOL_EXTENSIONS = YES;
				CLANG_ANALYZER_NONNULL = YES;
				CLANG_ANALYZER_NUMBER_OBJECT_CONVERSION = YES_AGGRESSIVE;
				CLANG_CXX_LANGUAGE_STANDARD = "gnu++20";
				CLANG_ENABLE_MODULES = YES;
				CLANG_ENABLE_OBJC_ARC = YES;
				CLANG_ENABLE_OBJC_WEAK = YES;
				CLANG_WARN_BLOCK_CAPTURE_AUTORELEASING = YES;
				CLANG_WARN_BOOL_CONVERSION = YES;
				CLANG_WARN_COMMA = YES;
				CLANG_WARN_CONSTANT_CONVERSION = YES;
				CLANG_WARN_DEPRECATED_OBJC_IMPLEMENTATIONS = YES;
				CLANG_WARN_DIRECT_OBJC_ISA_USAGE = YES_ERROR;
				CLANG_WARN_DOCUMENTATION_COMMENTS = YES;
				CLANG_WARN_EMPTY_BODY = YES;
				CLANG_WARN_ENUM_CONVERSION = YES;
				CLANG_WARN_INFINITE_RECURSION = YES;
				CLANG_WARN_INT_CONVERSION = YES;
				CLANG_WARN_NON_LITERAL_NULL_CONVERSION = YES;
				CLANG_WARN_OBJC_IMPLICIT_RETAIN_SELF = YES;
				CLANG_WARN_OBJC_LITERAL_CONVERSION = YES;
				CLANG_WARN_OBJC_ROOT_CLASS = YES_ERROR;
				CLANG_WARN_QUOTED_INCLUDE_IN_FRAMEWORK_HEADER = YES;
				CLANG_WARN_RANGE_LOOP_ANALYSIS = YES;
				CLANG_WARN_STRICT_PROTOTYPES = YES;
				CLANG_WARN_SUSPICIOUS_MOVE = YES;
				CLANG_WARN_UNGUARDED_AVAILABILITY = YES_AGGRESSIVE;
				CLANG_WARN_UNREACHABLE_CODE = YES;
				CLANG_WARN__DUPLICATE_METHOD_MATCH = YES;
				COPY_PHASE_STRIP = NO;
				DEBUG_INFORMATION_FORMAT = dwarf;
				ENABLE_STRICT_OBJC_MSGSEND = YES;
				ENABLE_TESTABILITY = YES;
				ENABLE_USER_SCRIPT_SANDBOXING = YES;
				GCC_C_LANGUAGE_STANDARD = gnu17;
				GCC_DYNAMIC_NO_PIC = NO;
				GCC_NO_COMMON_BLOCKS = YES;
				GCC_OPTIMIZATION_LEVEL = 0;
				GCC_PREPROCESSOR_DEFINITIONS = (
					"DEBUG=1",
					"$(inherited)",
				);
				GCC_WARN_64_TO_32_BIT_CONVERSION = YES;
				GCC_WARN_ABOUT_RETURN_TYPE = YES_ERROR;
				GCC_WARN_UNDECLARED_SELECTOR = YES;
				GCC_WARN_UNINITIALIZED_AUTOS = YES_AGGRESSIVE;
				GCC_WARN_UNUSED_FUNCTION = YES;
				GCC_WARN_UNUSED_VARIABLE = YES;
				IPHONEOS_DEPLOYMENT_TARGET = 17.0;
				LOCALIZATION_PREFERS_STRING_CATALOGS = YES;
				MTL_ENABLE_DEBUG_INFO = INCLUDE_SOURCE;
				MTL_FAST_MATH = YES;
				ONLY_ACTIVE_ARCH = YES;
				SDKROOT = iphoneos;
				SWIFT_ACTIVE_COMPILATION_CONDITIONS = "DEBUG $(inherited)";
				SWIFT_OPTIMIZATION_LEVEL = "-Onone";
			};
			name = Debug;
		};
		D6E39F9D2B49B91B00B2A6CD /* Release */ = {
			isa = XCBuildConfiguration;
			buildSettings = {
				ALWAYS_SEARCH_USER_PATHS = NO;
				ASSETCATALOG_COMPILER_GENERATE_SWIFT_ASSET_SYMBOL_EXTENSIONS = YES;
				CLANG_ANALYZER_NONNULL = YES;
				CLANG_ANALYZER_NUMBER_OBJECT_CONVERSION = YES_AGGRESSIVE;
				CLANG_CXX_LANGUAGE_STANDARD = "gnu++20";
				CLANG_ENABLE_MODULES = YES;
				CLANG_ENABLE_OBJC_ARC = YES;
				CLANG_ENABLE_OBJC_WEAK = YES;
				CLANG_WARN_BLOCK_CAPTURE_AUTORELEASING = YES;
				CLANG_WARN_BOOL_CONVERSION = YES;
				CLANG_WARN_COMMA = YES;
				CLANG_WARN_CONSTANT_CONVERSION = YES;
				CLANG_WARN_DEPRECATED_OBJC_IMPLEMENTATIONS = YES;
				CLANG_WARN_DIRECT_OBJC_ISA_USAGE = YES_ERROR;
				CLANG_WARN_DOCUMENTATION_COMMENTS = YES;
				CLANG_WARN_EMPTY_BODY = YES;
				CLANG_WARN_ENUM_CONVERSION = YES;
				CLANG_WARN_INFINITE_RECURSION = YES;
				CLANG_WARN_INT_CONVERSION = YES;
				CLANG_WARN_NON_LITERAL_NULL_CONVERSION = YES;
				CLANG_WARN_OBJC_IMPLICIT_RETAIN_SELF = YES;
				CLANG_WARN_OBJC_LITERAL_CONVERSION = YES;
				CLANG_WARN_OBJC_ROOT_CLASS = YES_ERROR;
				CLANG_WARN_QUOTED_INCLUDE_IN_FRAMEWORK_HEADER = YES;
				CLANG_WARN_RANGE_LOOP_ANALYSIS = YES;
				CLANG_WARN_STRICT_PROTOTYPES = YES;
				CLANG_WARN_SUSPICIOUS_MOVE = YES;
				CLANG_WARN_UNGUARDED_AVAILABILITY = YES_AGGRESSIVE;
				CLANG_WARN_UNREACHABLE_CODE = YES;
				CLANG_WARN__DUPLICATE_METHOD_MATCH = YES;
				COPY_PHASE_STRIP = NO;
				DEBUG_INFORMATION_FORMAT = "dwarf-with-dsym";
				ENABLE_NS_ASSERTIONS = NO;
				ENABLE_STRICT_OBJC_MSGSEND = YES;
				ENABLE_USER_SCRIPT_SANDBOXING = YES;
				GCC_C_LANGUAGE_STANDARD = gnu17;
				GCC_NO_COMMON_BLOCKS = YES;
				GCC_WARN_64_TO_32_BIT_CONVERSION = YES;
				GCC_WARN_ABOUT_RETURN_TYPE = YES_ERROR;
				GCC_WARN_UNDECLARED_SELECTOR = YES;
				GCC_WARN_UNINITIALIZED_AUTOS = YES_AGGRESSIVE;
				GCC_WARN_UNUSED_FUNCTION = YES;
				GCC_WARN_UNUSED_VARIABLE = YES;
				IPHONEOS_DEPLOYMENT_TARGET = 17.0;
				LOCALIZATION_PREFERS_STRING_CATALOGS = YES;
				MTL_ENABLE_DEBUG_INFO = NO;
				MTL_FAST_MATH = YES;
				SDKROOT = iphoneos;
				SWIFT_COMPILATION_MODE = wholemodule;
				VALIDATE_PRODUCT = YES;
			};
			name = Release;
		};
		D6E39F9F2B49B91B00B2A6CD /* Debug */ = {
			isa = XCBuildConfiguration;
			baseConfigurationReference = A79A99E19820DE940DE029ED /* Pods-Alamofire-NetworkLayer-Combine.debug.xcconfig */;
			buildSettings = {
				ASSETCATALOG_COMPILER_APPICON_NAME = AppIcon;
				ASSETCATALOG_COMPILER_GLOBAL_ACCENT_COLOR_NAME = AccentColor;
				CODE_SIGN_STYLE = Automatic;
				CURRENT_PROJECT_VERSION = 1;
				DEVELOPMENT_TEAM = Z9VC2L39AT;
				ENABLE_USER_SCRIPT_SANDBOXING = NO;
				GENERATE_INFOPLIST_FILE = YES;
				INFOPLIST_FILE = "Alamofire-NetworkLayer-Combine/Info.plist";
				INFOPLIST_KEY_UIApplicationSupportsIndirectInputEvents = YES;
				INFOPLIST_KEY_UILaunchStoryboardName = LaunchScreen;
				INFOPLIST_KEY_UIMainStoryboardFile = Main;
				INFOPLIST_KEY_UISupportedInterfaceOrientations_iPad = "UIInterfaceOrientationPortrait UIInterfaceOrientationPortraitUpsideDown UIInterfaceOrientationLandscapeLeft UIInterfaceOrientationLandscapeRight";
				INFOPLIST_KEY_UISupportedInterfaceOrientations_iPhone = "UIInterfaceOrientationPortrait UIInterfaceOrientationLandscapeLeft UIInterfaceOrientationLandscapeRight";
				LD_RUNPATH_SEARCH_PATHS = (
					"$(inherited)",
					"@executable_path/Frameworks",
				);
				MARKETING_VERSION = 1.0;
				PRODUCT_BUNDLE_IDENTIFIER = "co.thenasserr.Alamofire-NetworkLayer-Combine";
				PRODUCT_NAME = "$(TARGET_NAME)";
				SWIFT_EMIT_LOC_STRINGS = YES;
				SWIFT_VERSION = 5.0;
				TARGETED_DEVICE_FAMILY = "1,2";
			};
			name = Debug;
		};
		D6E39FA02B49B91B00B2A6CD /* Release */ = {
			isa = XCBuildConfiguration;
			baseConfigurationReference = 242FA2EDC43A1C67F869E644 /* Pods-Alamofire-NetworkLayer-Combine.release.xcconfig */;
			buildSettings = {
				ASSETCATALOG_COMPILER_APPICON_NAME = AppIcon;
				ASSETCATALOG_COMPILER_GLOBAL_ACCENT_COLOR_NAME = AccentColor;
				CODE_SIGN_STYLE = Automatic;
				CURRENT_PROJECT_VERSION = 1;
				DEVELOPMENT_TEAM = Z9VC2L39AT;
				ENABLE_USER_SCRIPT_SANDBOXING = NO;
				GENERATE_INFOPLIST_FILE = YES;
				INFOPLIST_FILE = "Alamofire-NetworkLayer-Combine/Info.plist";
				INFOPLIST_KEY_UIApplicationSupportsIndirectInputEvents = YES;
				INFOPLIST_KEY_UILaunchStoryboardName = LaunchScreen;
				INFOPLIST_KEY_UIMainStoryboardFile = Main;
				INFOPLIST_KEY_UISupportedInterfaceOrientations_iPad = "UIInterfaceOrientationPortrait UIInterfaceOrientationPortraitUpsideDown UIInterfaceOrientationLandscapeLeft UIInterfaceOrientationLandscapeRight";
				INFOPLIST_KEY_UISupportedInterfaceOrientations_iPhone = "UIInterfaceOrientationPortrait UIInterfaceOrientationLandscapeLeft UIInterfaceOrientationLandscapeRight";
				LD_RUNPATH_SEARCH_PATHS = (
					"$(inherited)",
					"@executable_path/Frameworks",
				);
				MARKETING_VERSION = 1.0;
				PRODUCT_BUNDLE_IDENTIFIER = "co.thenasserr.Alamofire-NetworkLayer-Combine";
				PRODUCT_NAME = "$(TARGET_NAME)";
				SWIFT_EMIT_LOC_STRINGS = YES;
				SWIFT_VERSION = 5.0;
				TARGETED_DEVICE_FAMILY = "1,2";
			};
			name = Release;
		};
		D6E39FA22B49B91B00B2A6CD /* Debug */ = {
			isa = XCBuildConfiguration;
			baseConfigurationReference = 70E96ACBB3C7AA36CCA25BFB /* Pods-Alamofire-NetworkLayer-CombineTests.debug.xcconfig */;
			buildSettings = {
				ALWAYS_EMBED_SWIFT_STANDARD_LIBRARIES = YES;
				BUNDLE_LOADER = "$(TEST_HOST)";
				CODE_SIGN_STYLE = Automatic;
				CURRENT_PROJECT_VERSION = 1;
				DEVELOPMENT_TEAM = Z9VC2L39AT;
				GENERATE_INFOPLIST_FILE = YES;
				IPHONEOS_DEPLOYMENT_TARGET = 17.0;
				MARKETING_VERSION = 1.0;
				PRODUCT_BUNDLE_IDENTIFIER = "co.thenasserr.Alamofire-NetworkLayer-CombineTests";
				PRODUCT_NAME = "$(TARGET_NAME)";
				SWIFT_EMIT_LOC_STRINGS = NO;
				SWIFT_VERSION = 5.0;
				TARGETED_DEVICE_FAMILY = "1,2";
				TEST_HOST = "$(BUILT_PRODUCTS_DIR)/Alamofire-NetworkLayer-Combine.app/$(BUNDLE_EXECUTABLE_FOLDER_PATH)/Alamofire-NetworkLayer-Combine";
			};
			name = Debug;
		};
		D6E39FA32B49B91B00B2A6CD /* Release */ = {
			isa = XCBuildConfiguration;
			baseConfigurationReference = 1E85A5615EDC252D4EFEA87F /* Pods-Alamofire-NetworkLayer-CombineTests.release.xcconfig */;
			buildSettings = {
				ALWAYS_EMBED_SWIFT_STANDARD_LIBRARIES = YES;
				BUNDLE_LOADER = "$(TEST_HOST)";
				CODE_SIGN_STYLE = Automatic;
				CURRENT_PROJECT_VERSION = 1;
				DEVELOPMENT_TEAM = Z9VC2L39AT;
				GENERATE_INFOPLIST_FILE = YES;
				IPHONEOS_DEPLOYMENT_TARGET = 17.0;
				MARKETING_VERSION = 1.0;
				PRODUCT_BUNDLE_IDENTIFIER = "co.thenasserr.Alamofire-NetworkLayer-CombineTests";
				PRODUCT_NAME = "$(TARGET_NAME)";
				SWIFT_EMIT_LOC_STRINGS = NO;
				SWIFT_VERSION = 5.0;
				TARGETED_DEVICE_FAMILY = "1,2";
				TEST_HOST = "$(BUILT_PRODUCTS_DIR)/Alamofire-NetworkLayer-Combine.app/$(BUNDLE_EXECUTABLE_FOLDER_PATH)/Alamofire-NetworkLayer-Combine";
			};
			name = Release;
		};
		D6E39FA52B49B91B00B2A6CD /* Debug */ = {
			isa = XCBuildConfiguration;
			baseConfigurationReference = CA5291833F30DEE4B4DF7BCF /* Pods-Alamofire-NetworkLayer-Combine-Alamofire-NetworkLayer-CombineUITests.debug.xcconfig */;
			buildSettings = {
				ALWAYS_EMBED_SWIFT_STANDARD_LIBRARIES = YES;
				CODE_SIGN_STYLE = Automatic;
				CURRENT_PROJECT_VERSION = 1;
				DEVELOPMENT_TEAM = Z9VC2L39AT;
				GENERATE_INFOPLIST_FILE = YES;
				MARKETING_VERSION = 1.0;
				PRODUCT_BUNDLE_IDENTIFIER = "co.thenasserr.Alamofire-NetworkLayer-CombineUITests";
				PRODUCT_NAME = "$(TARGET_NAME)";
				SWIFT_EMIT_LOC_STRINGS = NO;
				SWIFT_VERSION = 5.0;
				TARGETED_DEVICE_FAMILY = "1,2";
				TEST_TARGET_NAME = "Alamofire-NetworkLayer-Combine";
			};
			name = Debug;
		};
		D6E39FA62B49B91B00B2A6CD /* Release */ = {
			isa = XCBuildConfiguration;
			baseConfigurationReference = D534AA969E837148329DD5D9 /* Pods-Alamofire-NetworkLayer-Combine-Alamofire-NetworkLayer-CombineUITests.release.xcconfig */;
			buildSettings = {
				ALWAYS_EMBED_SWIFT_STANDARD_LIBRARIES = YES;
				CODE_SIGN_STYLE = Automatic;
				CURRENT_PROJECT_VERSION = 1;
				DEVELOPMENT_TEAM = Z9VC2L39AT;
				GENERATE_INFOPLIST_FILE = YES;
				MARKETING_VERSION = 1.0;
				PRODUCT_BUNDLE_IDENTIFIER = "co.thenasserr.Alamofire-NetworkLayer-CombineUITests";
				PRODUCT_NAME = "$(TARGET_NAME)";
				SWIFT_EMIT_LOC_STRINGS = NO;
				SWIFT_VERSION = 5.0;
				TARGETED_DEVICE_FAMILY = "1,2";
				TEST_TARGET_NAME = "Alamofire-NetworkLayer-Combine";
			};
			name = Release;
		};
/* End XCBuildConfiguration section */

/* Begin XCConfigurationList section */
		D6E39F6F2B49B91900B2A6CD /* Build configuration list for PBXProject "Alamofire-NetworkLayer-Combine" */ = {
			isa = XCConfigurationList;
			buildConfigurations = (
				D6E39F9C2B49B91B00B2A6CD /* Debug */,
				D6E39F9D2B49B91B00B2A6CD /* Release */,
			);
			defaultConfigurationIsVisible = 0;
			defaultConfigurationName = Release;
		};
		D6E39F9E2B49B91B00B2A6CD /* Build configuration list for PBXNativeTarget "Alamofire-NetworkLayer-Combine" */ = {
			isa = XCConfigurationList;
			buildConfigurations = (
				D6E39F9F2B49B91B00B2A6CD /* Debug */,
				D6E39FA02B49B91B00B2A6CD /* Release */,
			);
			defaultConfigurationIsVisible = 0;
			defaultConfigurationName = Release;
		};
		D6E39FA12B49B91B00B2A6CD /* Build configuration list for PBXNativeTarget "Alamofire-NetworkLayer-CombineTests" */ = {
			isa = XCConfigurationList;
			buildConfigurations = (
				D6E39FA22B49B91B00B2A6CD /* Debug */,
				D6E39FA32B49B91B00B2A6CD /* Release */,
			);
			defaultConfigurationIsVisible = 0;
			defaultConfigurationName = Release;
		};
		D6E39FA42B49B91B00B2A6CD /* Build configuration list for PBXNativeTarget "Alamofire-NetworkLayer-CombineUITests" */ = {
			isa = XCConfigurationList;
			buildConfigurations = (
				D6E39FA52B49B91B00B2A6CD /* Debug */,
				D6E39FA62B49B91B00B2A6CD /* Release */,
			);
			defaultConfigurationIsVisible = 0;
			defaultConfigurationName = Release;
		};
/* End XCConfigurationList section */
	};
	rootObject = D6E39F6C2B49B91900B2A6CD /* Project object */;
}
